
Microsoft Visual Studio Solution File, Format Version 12.00
# Visual Studio 15
VisualStudioVersion = 15.0.27004.2006
MinimumVisualStudioVersion = 10.0.40219.1
Project("{9A19103F-16F7-4668-BE54-9A1E7A4F7556}") = "Timesheet", "Timesheet\Timesheet.csproj", "{49F232B0-DA01-44CD-B766-3031A2CC111E}"
EndProject
Project("{FAE04EC0-301F-11D3-BF4B-00C04F79EFBC}") = "TimesheetData", "TimesheetData\TimesheetData.csproj", "{5EEAA2ED-2657-483B-B4B9-0E77B443E0BB}"
EndProject
Global
	GlobalSection(SolutionConfigurationPlatforms) = preSolution
		Debug|Any CPU = Debug|Any CPU
		Release|Any CPU = Release|Any CPU
	EndGlobalSection
	GlobalSection(ProjectConfigurationPlatforms) = postSolution
		{49F232B0-DA01-44CD-B766-3031A2CC111E}.Debug|Any CPU.ActiveCfg = Debug|Any CPU
		{49F232B0-DA01-44CD-B766-3031A2CC111E}.Debug|Any CPU.Build.0 = Debug|Any CPU
		{49F232B0-DA01-44CD-B766-3031A2CC111E}.Release|Any CPU.ActiveCfg = Release|Any CPU
		{49F232B0-DA01-44CD-B766-3031A2CC111E}.Release|Any CPU.Build.0 = Release|Any CPU
		{5EEAA2ED-2657-483B-B4B9-0E77B443E0BB}.Debug|Any CPU.ActiveCfg = Debug|Any CPU
		{5EEAA2ED-2657-483B-B4B9-0E77B443E0BB}.Debug|Any CPU.Build.0 = Debug|Any CPU
		{5EEAA2ED-2657-483B-B4B9-0E77B443E0BB}.Release|Any CPU.ActiveCfg = Release|Any CPU
		{5EEAA2ED-2657-483B-B4B9-0E77B443E0BB}.Release|Any CPU.Build.0 = Release|Any CPU
	EndGlobalSection
	GlobalSection(SolutionProperties) = preSolution
		HideSolutionNode = FALSE
	EndGlobalSection
	GlobalSection(ExtensibilityGlobals) = postSolution
		SolutionGuid = {14049633-FDCD-4D64-956E-720E358180CC}
	EndGlobalSection
EndGlobal
